<Solution>
  <Project Path="Unity.InputSystem.csproj" />
  <Project Path="Assembly-CSharp.csproj" />
  <Project Path="Unity.InputSystem.DocCodeSamples.csproj" />
  <Project Path="Unity.InputSystem.ForUI.csproj" />
  <Project Path="Unity.InputSystem.TestFramework.csproj" />
  <Project Path="Unity.InputSystem.IntegrationTests.csproj" />
</Solution>
